
Microsoft Visual Studio Solution File, Format Version 12.00
# Visual Studio Version 17
VisualStudioVersion = 17.8.34309.116
MinimumVisualStudioVersion = 10.0.40219.1
Project("{FAE04EC0-301F-11D3-BF4B-00C04F79EFBC}") = "Hangman", "Hangman\Hangman.csproj", "{5D94076B-C7A5-408A-8F46-9477D2887AFC}"
EndProject
Global
	GlobalSection(SolutionConfigurationPlatforms) = preSolution
		Debug|Any CPU = Debug|Any CPU
		Release|Any CPU = Release|Any CPU
	EndGlobalSection
	GlobalSection(ProjectConfigurationPlatforms) = postSolution
		{5D94076B-C7A5-408A-8F46-9477D2887AFC}.Debug|Any CPU.ActiveCfg = Debug|Any CPU
		{5D94076B-C7A5-408A-8F46-9477D2887AFC}.Debug|Any CPU.Build.0 = Debug|Any CPU
		{5D94076B-C7A5-408A-8F46-9477D2887AFC}.Release|Any CPU.ActiveCfg = Release|Any CPU
		{5D94076B-C7A5-408A-8F46-9477D2887AFC}.Release|Any CPU.Build.0 = Release|Any CPU
	EndGlobalSection
	GlobalSection(SolutionProperties) = preSolution
		HideSolutionNode = FALSE
	EndGlobalSection
	GlobalSection(ExtensibilityGlobals) = postSolution
		SolutionGuid = {A4D6002D-526A-4E89-B764-AC6B3124B095}
	EndGlobalSection
EndGlobal
